Microsoft Visual Studio Solution File, Format Version 12.00
# Visual Studio Version 17
VisualStudioVersion = 17.5.2.0
MinimumVisualStudioVersion = 10.0.40219.1
Project("{FAE04EC0-301F-11D3-BF4B-00C04F79EFBC}") = "INTRO_USERS", "INTRO_USERS.csproj", "{A5EA9105-BC31-CE23-CDCD-50EDE4E91061}"
EndProject
Global
	GlobalSection(SolutionConfigurationPlatforms) = preSolution
		Debug|Any CPU = Debug|Any CPU
		Release|Any CPU = Release|Any CPU
	EndGlobalSection
	GlobalSection(ProjectConfigurationPlatforms) = postSolution
		{A5EA9105-BC31-CE23-CDCD-50EDE4E91061}.Debug|Any CPU.ActiveCfg = Debug|Any CPU
		{A5EA9105-BC31-CE23-CDCD-50EDE4E91061}.Debug|Any CPU.Build.0 = Debug|Any CPU
		{A5EA9105-BC31-CE23-CDCD-50EDE4E91061}.Release|Any CPU.ActiveCfg = Release|Any CPU
		{A5EA9105-BC31-CE23-CDCD-50EDE4E91061}.Release|Any CPU.Build.0 = Release|Any CPU
	EndGlobalSection
	GlobalSection(SolutionProperties) = preSolution
		HideSolutionNode = FALSE
	EndGlobalSection
	GlobalSection(ExtensibilityGlobals) = postSolution
		SolutionGuid = {4DDEAE5C-24CB-41AB-823C-8AA79271390B}
	EndGlobalSection
EndGlobal
